
Microsoft Visual Studio Solution File, Format Version 12.00
# Visual Studio Version 16
VisualStudioVersion = 16.0.30503.244
MinimumVisualStudioVersion = 10.0.40219.1
Project("{FAE04EC0-301F-11D3-BF4B-00C04F79EFBC}") = "AbracadabraAPI", "AbracadabraAPI\AbracadabraAPI.csproj", "{04E8F06A-489D-4DCB-8ED0-0845F570412D}"
EndProject
Global
	GlobalSection(SolutionConfigurationPlatforms) = preSolution
		Debug|Any CPU = Debug|Any CPU
		Release|Any CPU = Release|Any CPU
	EndGlobalSection
	GlobalSection(ProjectConfigurationPlatforms) = postSolution
		{04E8F06A-489D-4DCB-8ED0-0845F570412D}.Debug|Any CPU.ActiveCfg = Debug|Any CPU
		{04E8F06A-489D-4DCB-8ED0-0845F570412D}.Debug|Any CPU.Build.0 = Debug|Any CPU
		{04E8F06A-489D-4DCB-8ED0-0845F570412D}.Release|Any CPU.ActiveCfg = Release|Any CPU
		{04E8F06A-489D-4DCB-8ED0-0845F570412D}.Release|Any CPU.Build.0 = Release|Any CPU
	EndGlobalSection
	GlobalSection(SolutionProperties) = preSolution
		HideSolutionNode = FALSE
	EndGlobalSection
	GlobalSection(ExtensibilityGlobals) = postSolution
		SolutionGuid = {ED9302CD-40CB-4C25-AEAB-F3ED874FB44F}
	EndGlobalSection
EndGlobal
